
Microsoft Visual Studio Solution File, Format Version 12.00
# Visual Studio Version 17
VisualStudioVersion = 17.11.35327.3
MinimumVisualStudioVersion = 10.0.40219.1
Project("{FAE04EC0-301F-11D3-BF4B-00C04F79EFBC}") = "Code2Text", "Code2Text\Code2Text.csproj", "{48C3D3E8-37A5-DBE4-CF51-F3BE7A27D63B}"
EndProject
Project("{FAE04EC0-301F-11D3-BF4B-00C04F79EFBC}") = "Code2Text.UI", "Code2Text.UI\Code2Text.UI.csproj", "{69487A56-E519-4F7E-BC9B-C4419A6ED7F3}"
EndProject
Global
	GlobalSection(SolutionConfigurationPlatforms) = preSolution
		Debug|Any CPU = Debug|Any CPU
		Release|Any CPU = Release|Any CPU
	EndGlobalSection
	GlobalSection(ProjectConfigurationPlatforms) = postSolution
		{48C3D3E8-37A5-DBE4-CF51-F3BE7A27D63B}.Debug|Any CPU.ActiveCfg = Debug|Any CPU
		{48C3D3E8-37A5-DBE4-CF51-F3BE7A27D63B}.Debug|Any CPU.Build.0 = Debug|Any CPU
		{48C3D3E8-37A5-DBE4-CF51-F3BE7A27D63B}.Release|Any CPU.ActiveCfg = Release|Any CPU
                {48C3D3E8-37A5-DBE4-CF51-F3BE7A27D63B}.Release|Any CPU.Build.0 = Release|Any CPU
                {69487A56-E519-4F7E-BC9B-C4419A6ED7F3}.Debug|Any CPU.ActiveCfg = Debug|Any CPU
                {69487A56-E519-4F7E-BC9B-C4419A6ED7F3}.Debug|Any CPU.Build.0 = Debug|Any CPU
                {69487A56-E519-4F7E-BC9B-C4419A6ED7F3}.Release|Any CPU.ActiveCfg = Release|Any CPU
                {69487A56-E519-4F7E-BC9B-C4419A6ED7F3}.Release|Any CPU.Build.0 = Release|Any CPU
        EndGlobalSection
	GlobalSection(SolutionProperties) = preSolution
		HideSolutionNode = FALSE
	EndGlobalSection
	GlobalSection(ExtensibilityGlobals) = postSolution
		SolutionGuid = {65EF5662-FE6A-4696-9D98-3E0D57D22465}
	EndGlobalSection
EndGlobal
